// !$*UTF8*$!
{
	archiveVersion = 1;
	classes = {
	};
	objectVersion = 77;
	objects = {

/* Begin PBXBuildFile section */
		0AD69C0C2EE7D5B800717402 /* GoogleService-Info.plist in Resources */ = {isa = PBXBuildFile; fileRef = 0AD69C0B2EE7D5B800717402 /* GoogleService-Info.plist */; };
		0AD69C102EE7D62700717402 /* FirebaseAI in Frameworks */ = {isa = PBXBuildFile; productRef = 0AD69C0F2EE7D62700717402 /* FirebaseAI */; };
		0AD69C122EE7D62700717402 /* FirebaseAuth in Frameworks */ = {isa = PBXBuildFile; productRef = 0AD69C112EE7D62700717402 /* FirebaseAuth */; };
		0AD69C142EE7D62700717402 /* FirebaseCore in Frameworks */ = {isa = PBXBuildFile; productRef = 0AD69C132EE7D62700717402 /* FirebaseCore */; };
		0AD69C162EE7D62700717402 /* FirebaseDatabase in Frameworks */ = {isa = PBXBuildFile; productRef = 0AD69C152EE7D62700717402 /* FirebaseDatabase */; };
		0AD69C182EE7D62700717402 /* FirebaseFirestore in Frameworks */ = {isa = PBXBuildFile; productRef = 0AD69C172EE7D62700717402 /* FirebaseFirestore */; };
		0AD69C1A2EE7D62700717402 /* FirebaseInAppMessaging-Beta in Frameworks */ = {isa = PBXBuildFile; productRef = 0AD69C192EE7D62700717402 /* FirebaseInAppMessaging-Beta */; };
		0AD69C1C2EE7D62700717402 /* FirebaseMessaging in Frameworks */ = {isa = PBXBuildFile; productRef = 0AD69C1B2EE7D62700717402 /* FirebaseMessaging */; };
		0AD69C1E2EE7D62700717402 /* FirebaseStorage in Frameworks */ = {isa = PBXBuildFile; productRef = 0AD69C1D2EE7D62700717402 /* FirebaseStorage */; };
/* End PBXBuildFile section */

/* Begin PBXContainerItemProxy section */
		0AD69BEF2EE7D4BD00717402 /* PBXContainerItemProxy */ = {
			isa = PBXContainerItemProxy;
			containerPortal = 0AD69BD92EE7D4BC00717402 /* Project object */;
			proxyType = 1;
			remoteGlobalIDString = 0AD69BE02EE7D4BC00717402;
			remoteInfo = "Quality Square";
		};
		0AD69BF92EE7D4BD00717402 /* PBXContainerItemProxy */ = {
			isa = PBXContainerItemProxy;
			containerPortal = 0AD69BD92EE7D4BC00717402 /* Project object */;
			proxyType = 1;
			remoteGlobalIDString = 0AD69BE02EE7D4BC00717402;
			remoteInfo = "Quality Square";
		};
/* End PBXContainerItemProxy section */

/* Begin PBXFileReference section */
		0AD69BE12EE7D4BC00717402 /* Quality Square.app */ = {isa = PBXFileReference; explicitFileType = wrapper.application; includeInIndex = 0; path = "Quality Square.app"; sourceTree = BUILT_PRODUCTS_DIR; };
		0AD69BEE2EE7D4BD00717402 /* Quality SquareTests.xctest */ = {isa = PBXFileReference; explicitFileType = wrapper.cfbundle; includeInIndex = 0; path = "Quality SquareTests.xctest"; sourceTree = BUILT_PRODUCTS_DIR; };
		0AD69BF82EE7D4BD00717402 /* Quality SquareUITests.xctest */ = {isa = PBXFileReference; explicitFileType = wrapper.cfbundle; includeInIndex = 0; path = "Quality SquareUITests.xctest"; sourceTree = BUILT_PRODUCTS_DIR; };
		0AD69C0B2EE7D5B800717402 /* GoogleService-Info.plist */ = {isa = PBXFileReference; lastKnownFileType = text.plist.xml; path = "GoogleService-Info.plist"; sourceTree = "<group>"; };
/* End PBXFileReference section */

/* Begin PBXFileSystemSynchronizedRootGroup section */
		0AD69BE32EE7D4BC00717402 /* Quality Square */ = {
			isa = PBXFileSystemSynchronizedRootGroup;
			path = "Quality Square";
			sourceTree = "<group>";
		};
		0AD69BF12EE7D4BD00717402 /* Quality SquareTests */ = {
			isa = PBXFileSystemSynchronizedRootGroup;
			path = "Quality SquareTests";
			sourceTree = "<group>";
		};
		0AD69BFB2EE7D4BD00717402 /* Quality SquareUITests */ = {
			isa = PBXFileSystemSynchronizedRootGroup;
			path = "Quality SquareUITests";
			sourceTree = "<group>";
		};
/* End PBXFileSystemSynchronizedRootGroup section */

/* Begin PBXFrameworksBuildPhase section */
		0AD69BDE2EE7D4BC00717402 /* Frameworks */ = {
			isa = PBXFrameworksBuildPhase;
			buildActionMask = 2147483647;
			files = (
				0AD69C102EE7D62700717402 /* FirebaseAI in Frameworks */,
				0AD69C142EE7D62700717402 /* FirebaseCore in Frameworks */,
				0AD69C1C2EE7D62700717402 /* FirebaseMessaging in Frameworks */,
				0AD69C162EE7D62700717402 /* FirebaseDatabase in Frameworks */,
				0AD69C182EE7D62700717402 /* FirebaseFirestore in Frameworks */,
				0AD69C1E2EE7D62700717402 /* FirebaseStorage in Frameworks */,
				0AD69C122EE7D62700717402 /* FirebaseAuth in Frameworks */,
				0AD69C1A2EE7D62700717402 /* FirebaseInAppMessaging-Beta in Frameworks */,
			);
			runOnlyForDeploymentPostprocessing = 0;
		};
		0AD69BEB2EE7D4BD00717402 /* Frameworks */ = {
			isa = PBXFrameworksBuildPhase;
			buildActionMask = 2147483647;
			files = (
			);
			runOnlyForDeploymentPostprocessing = 0;
		};
		0AD69BF52EE7D4BD00717402 /* Frameworks */ = {
			isa = PBXFrameworksBuildPhase;
			buildActionMask = 2147483647;
			files = (
			);
			runOnlyForDeploymentPostprocessing = 0;
		};
/* End PBXFrameworksBuildPhase section */

/* Begin PBXGroup section */
		0AD69BD82EE7D4BC00717402 = {
			isa = PBXGroup;
			children = (
				0AD69BE32EE7D4BC00717402 /* Quality Square */,
				0AD69BF12EE7D4BD00717402 /* Quality SquareTests */,
				0AD69BFB2EE7D4BD00717402 /* Quality SquareUITests */,
				0AD69BE22EE7D4BC00717402 /* Products */,
				0AD69C0B2EE7D5B800717402 /* GoogleService-Info.plist */,
				0AD69C0E2EE7D62700717402 /* Frameworks */,
			);
			sourceTree = "<group>";
		};
		0AD69BE22EE7D4BC00717402 /* Products */ = {
			isa = PBXGroup;
			children = (
				0AD69BE12EE7D4BC00717402 /* Quality Square.app */,
				0AD69BEE2EE7D4BD00717402 /* Quality SquareTests.xctest */,
				0AD69BF82EE7D4BD00717402 /* Quality SquareUITests.xctest */,
			);
			name = Products;
			sourceTree = "<group>";
		};
		0AD69C0E2EE7D62700717402 /* Frameworks */ = {
			isa = PBXGroup;
			children = (
			);
			name = Frameworks;
			sourceTree = "<group>";
		};
/* End PBXGroup section */

/* Begin PBXNativeTarget section */
		0AD69BE02EE7D4BC00717402 /* Quality Square */ = {
			isa = PBXNativeTarget;
			buildConfigurationList = 0AD69C022EE7D4BD00717402 /* Build configuration list for PBXNativeTarget "Quality Square" */;
			buildPhases = (
				0AD69BDD2EE7D4BC00717402 /* Sources */,
				0AD69BDE2EE7D4BC00717402 /* Frameworks */,
				0AD69BDF2EE7D4BC00717402 /* Resources */,
			);
			buildRules = (
			);
			dependencies = (
			);
			fileSystemSynchronizedGroups = (
				0AD69BE32EE7D4BC00717402 /* Quality Square */,
			);
			name = "Quality Square";
			packageProductDependencies = (
				0AD69C0F2EE7D62700717402 /* FirebaseAI */,
				0AD69C112EE7D62700717402 /* FirebaseAuth */,
				0AD69C132EE7D62700717402 /* FirebaseCore */,
				0AD69C152EE7D62700717402 /* FirebaseDatabase */,
				0AD69C172EE7D62700717402 /* FirebaseFirestore */,
				0AD69C192EE7D62700717402 /* FirebaseInAppMessaging-Beta */,
				0AD69C1B2EE7D62700717402 /* FirebaseMessaging */,
				0AD69C1D2EE7D62700717402 /* FirebaseStorage */,
			);
			productName = "Quality Square";
			productReference = 0AD69BE12EE7D4BC00717402 /* Quality Square.app */;
			productType = "com.apple.product-type.application";
		};
		0AD69BED2EE7D4BD00717402 /* Quality SquareTests */ = {
			isa = PBXNativeTarget;
			buildConfigurationList = 0AD69C052EE7D4BD00717402 /* Build configuration list for PBXNativeTarget "Quality SquareTests" */;
			buildPhases = (
				0AD69BEA2EE7D4BD00717402 /* Sources */,
				0AD69BEB2EE7D4BD00717402 /* Frameworks */,
				0AD69BEC2EE7D4BD00717402 /* Resources */,
			);
			buildRules = (
			);
			dependencies = (
				0AD69BF02EE7D4BD00717402 /* PBXTargetDependency */,
			);
			fileSystemSynchronizedGroups = (
				0AD69BF12EE7D4BD00717402 /* Quality SquareTests */,
			);
			name = "Quality SquareTests";
			packageProductDependencies = (
			);
			productName = "Quality SquareTests";
			productReference = 0AD69BEE2EE7D4BD00717402 /* Quality SquareTests.xctest */;
			productType = "com.apple.product-type.bundle.unit-test";
		};
		0AD69BF72EE7D4BD00717402 /* Quality SquareUITests */ = {
			isa = PBXNativeTarget;
			buildConfigurationList = 0AD69C082EE7D4BD00717402 /* Build configuration list for PBXNativeTarget "Quality SquareUITests" */;
			buildPhases = (
				0AD69BF42EE7D4BD00717402 /* Sources */,
				0AD69BF52EE7D4BD00717402 /* Frameworks */,
				0AD69BF62EE7D4BD00717402 /* Resources */,
			);
			buildRules = (
			);
			dependencies = (
				0AD69BFA2EE7D4BD00717402 /* PBXTargetDependency */,
			);
			fileSystemSynchronizedGroups = (
				0AD69BFB2EE7D4BD00717402 /* Quality SquareUITests */,
			);
			name = "Quality SquareUITests";
			packageProductDependencies = (
			);
			productName = "Quality SquareUITests";
			productReference = 0AD69BF82EE7D4BD00717402 /* Quality SquareUITests.xctest */;
			productType = "com.apple.product-type.bundle.ui-testing";
		};
/* End PBXNativeTarget section */

/* Begin PBXProject section */
		0AD69BD92EE7D4BC00717402 /* Project object */ = {
			isa = PBXProject;
			attributes = {
				BuildIndependentTargetsInParallel = 1;
				LastSwiftUpdateCheck = 1640;
				LastUpgradeCheck = 1640;
				TargetAttributes = {
					0AD69BE02EE7D4BC00717402 = {
						CreatedOnToolsVersion = 16.4;
					};
					0AD69BED2EE7D4BD00717402 = {
						CreatedOnToolsVersion = 16.4;
						TestTargetID = 0AD69BE02EE7D4BC00717402;
					};
					0AD69BF72EE7D4BD00717402 = {
						CreatedOnToolsVersion = 16.4;
						TestTargetID = 0AD69BE02EE7D4BC00717402;
					};
				};
			};
			buildConfigurationList = 0AD69BDC2EE7D4BC00717402 /* Build configuration list for PBXProject "Quality Square" */;
			developmentRegion = en;
			hasScannedForEncodings = 0;
			knownRegions = (
				en,
				Base,
			);
			mainGroup = 0AD69BD82EE7D4BC00717402;
			minimizedProjectReferenceProxies = 1;
			packageReferences = (
				0AD69C0D2EE7D5E700717402 /* XCRemoteSwiftPackageReference "firebase-ios-sdk" */,
			);
			preferredProjectObjectVersion = 77;
			productRefGroup = 0AD69BE22EE7D4BC00717402 /* Products */;
			projectDirPath = "";
			projectRoot = "";
			targets = (
				0AD69BE02EE7D4BC00717402 /* Quality Square */,
				0AD69BED2EE7D4BD00717402 /* Quality SquareTests */,
				0AD69BF72EE7D4BD00717402 /* Quality SquareUITests */,
			);
		};
/* End PBXProject section */

/* Begin PBXResourcesBuildPhase section */
		0AD69BDF2EE7D4BC00717402 /* Resources */ = {
			isa = PBXResourcesBuildPhase;
			buildActionMask = 2147483647;
			files = (
				0AD69C0C2EE7D5B800717402 /* GoogleService-Info.plist in Resources */,
			);
			runOnlyForDeploymentPostprocessing = 0;
		};
		0AD69BEC2EE7D4BD00717402 /* Resources */ = {
			isa = PBXResourcesBuildPhase;
			buildActionMask = 2147483647;
			files = (
			);
			runOnlyForDeploymentPostprocessing = 0;
		};
		0AD69BF62EE7D4BD00717402 /* Resources */ = {
			isa = PBXResourcesBuildPhase;
			buildActionMask = 2147483647;
			files = (
			);
			runOnlyForDeploymentPostprocessing = 0;
		};
/* End PBXResourcesBuildPhase section */

/* Begin PBXSourcesBuildPhase section */
		0AD69BDD2EE7D4BC00717402 /* Sources */ = {
			isa = PBXSourcesBuildPhase;
			buildActionMask = 2147483647;
			files = (
			);
			runOnlyForDeploymentPostprocessing = 0;
		};
		0AD69BEA2EE7D4BD00717402 /* Sources */ = {
			isa = PBXSourcesBuildPhase;
			buildActionMask = 2147483647;
			files = (
			);
			runOnlyForDeploymentPostprocessing = 0;
		};
		0AD69BF42EE7D4BD00717402 /* Sources */ = {
			isa = PBXSourcesBuildPhase;
			buildActionMask = 2147483647;
			files = (
			);
			runOnlyForDeploymentPostprocessing = 0;
		};
/* End PBXSourcesBuildPhase section */

/* Begin PBXTargetDependency section */
		0AD69BF02EE7D4BD00717402 /* PBXTargetDependency */ = {
			isa = PBXTargetDependency;
			target = 0AD69BE02EE7D4BC00717402 /* Quality Square */;
			targetProxy = 0AD69BEF2EE7D4BD00717402 /* PBXContainerItemProxy */;
		};
		0AD69BFA2EE7D4BD00717402 /* PBXTargetDependency */ = {
			isa = PBXTargetDependency;
			target = 0AD69BE02EE7D4BC00717402 /* Quality Square */;
			targetProxy = 0AD69BF92EE7D4BD00717402 /* PBXContainerItemProxy */;
		};
/* End PBXTargetDependency section */

/* Begin XCBuildConfiguration section */
		0AD69C002EE7D4BD00717402 /* Debug */ = {
			isa = XCBuildConfiguration;
			buildSettings = {
				ALWAYS_SEARCH_USER_PATHS = NO;
				ASSETCATALOG_COMPILER_GENERATE_SWIFT_ASSET_SYMBOL_EXTENSIONS = YES;
				CLANG_ANALYZER_NONNULL = YES;
				CLANG_ANALYZER_NUMBER_OBJECT_CONVERSION = YES_AGGRESSIVE;
				CLANG_CXX_LANGUAGE_STANDARD = "gnu++20";
				CLANG_ENABLE_MODULES = YES;
				CLANG_ENABLE_OBJC_ARC = YES;
				CLANG_ENABLE_OBJC_WEAK = YES;
				CLANG_WARN_BLOCK_CAPTURE_AUTORELEASING = YES;
				CLANG_WARN_BOOL_CONVERSION = YES;
				CLANG_WARN_COMMA = YES;
				CLANG_WARN_CONSTANT_CONVERSION = YES;
				CLANG_WARN_DEPRECATED_OBJC_IMPLEMENTATIONS = YES;
				CLANG_WARN_DIRECT_OBJC_ISA_USAGE = YES_ERROR;
				CLANG_WARN_DOCUMENTATION_COMMENTS = YES;
				CLANG_WARN_EMPTY_BODY = YES;
				CLANG_WARN_ENUM_CONVERSION = YES;
				CLANG_WARN_INFINITE_RECURSION = YES;
				CLANG_WARN_INT_CONVERSION = YES;
				CLANG_WARN_NON_LITERAL_NULL_CONVERSION = YES;
				CLANG_WARN_OBJC_IMPLICIT_RETAIN_SELF = YES;
				CLANG_WARN_OBJC_LITERAL_CONVERSION = YES;
				CLANG_WARN_OBJC_ROOT_CLASS = YES_ERROR;
				CLANG_WARN_QUOTED_INCLUDE_IN_FRAMEWORK_HEADER = YES;
				CLANG_WARN_RANGE_LOOP_ANALYSIS = YES;
				CLANG_WARN_STRICT_PROTOTYPES = YES;
				CLANG_WARN_SUSPICIOUS_MOVE = YES;
				CLANG_WARN_UNGUARDED_AVAILABILITY = YES_AGGRESSIVE;
				CLANG_WARN_UNREACHABLE_CODE = YES;
				CLANG_WARN__DUPLICATE_METHOD_MATCH = YES;
				COPY_PHASE_STRIP = NO;
				DEBUG_INFORMATION_FORMAT = dwarf;
				DEVELOPMENT_TEAM = 7V9T7RL732;
				ENABLE_STRICT_OBJC_MSGSEND = YES;
				ENABLE_TESTABILITY = YES;
				ENABLE_USER_SCRIPT_SANDBOXING = YES;
				GCC_C_LANGUAGE_STANDARD = gnu17;
				GCC_DYNAMIC_NO_PIC = NO;
				GCC_NO_COMMON_BLOCKS = YES;
				GCC_OPTIMIZATION_LEVEL = 0;
				GCC_PREPROCESSOR_DEFINITIONS = (
					"DEBUG=1",
					"$(inherited)",
				);
				GCC_WARN_64_TO_32_BIT_CONVERSION = YES;
				GCC_WARN_ABOUT_RETURN_TYPE = YES_ERROR;
				GCC_WARN_UNDECLARED_SELECTOR = YES;
				GCC_WARN_UNINITIALIZED_AUTOS = YES_AGGRESSIVE;
				GCC_WARN_UNUSED_FUNCTION = YES;
				GCC_WARN_UNUSED_VARIABLE = YES;
				IPHONEOS_DEPLOYMENT_TARGET = 18.0;
				LOCALIZATION_PREFERS_STRING_CATALOGS = YES;
				MTL_ENABLE_DEBUG_INFO = INCLUDE_SOURCE;
				MTL_FAST_MATH = YES;
				ONLY_ACTIVE_ARCH = YES;
				SDKROOT = iphoneos;
				SWIFT_ACTIVE_COMPILATION_CONDITIONS = "DEBUG $(inherited)";
				SWIFT_OPTIMIZATION_LEVEL = "-Onone";
			};
			name = Debug;
		};
		0AD69C012EE7D4BD00717402 /* Release */ = {
			isa = XCBuildConfiguration;
			buildSettings = {
				ALWAYS_SEARCH_USER_PATHS = NO;
				ASSETCATALOG_COMPILER_GENERATE_SWIFT_ASSET_SYMBOL_EXTENSIONS = YES;
				CLANG_ANALYZER_NONNULL = YES;
				CLANG_ANALYZER_NUMBER_OBJECT_CONVERSION = YES_AGGRESSIVE;
				CLANG_CXX_LANGUAGE_STANDARD = "gnu++20";
				CLANG_ENABLE_MODULES = YES;
				CLANG_ENABLE_OBJC_ARC = YES;
				CLANG_ENABLE_OBJC_WEAK = YES;
				CLANG_WARN_BLOCK_CAPTURE_AUTORELEASING = YES;
				CLANG_WARN_BOOL_CONVERSION = YES;
				CLANG_WARN_COMMA = YES;
				CLANG_WARN_CONSTANT_CONVERSION = YES;
				CLANG_WARN_DEPRECATED_OBJC_IMPLEMENTATIONS = YES;
				CLANG_WARN_DIRECT_OBJC_ISA_USAGE = YES_ERROR;
				CLANG_WARN_DOCUMENTATION_COMMENTS = YES;
				CLANG_WARN_EMPTY_BODY = YES;
				CLANG_WARN_ENUM_CONVERSION = YES;
				CLANG_WARN_INFINITE_RECURSION = YES;
				CLANG_WARN_INT_CONVERSION = YES;
				CLANG_WARN_NON_LITERAL_NULL_CONVERSION = YES;
				CLANG_WARN_OBJC_IMPLICIT_RETAIN_SELF = YES;
				CLANG_WARN_OBJC_LITERAL_CONVERSION = YES;
				CLANG_WARN_OBJC_ROOT_CLASS = YES_ERROR;
				CLANG_WARN_QUOTED_INCLUDE_IN_FRAMEWORK_HEADER = YES;
				CLANG_WARN_RANGE_LOOP_ANALYSIS = YES;
				CLANG_WARN_STRICT_PROTOTYPES = YES;
				CLANG_WARN_SUSPICIOUS_MOVE = YES;
				CLANG_WARN_UNGUARDED_AVAILABILITY = YES_AGGRESSIVE;
				CLANG_WARN_UNREACHABLE_CODE = YES;
				CLANG_WARN__DUPLICATE_METHOD_MATCH = YES;
				COPY_PHASE_STRIP = NO;
				DEBUG_INFORMATION_FORMAT = "dwarf-with-dsym";
				DEVELOPMENT_TEAM = 7V9T7RL732;
				ENABLE_NS_ASSERTIONS = NO;
				ENABLE_STRICT_OBJC_MSGSEND = YES;
				ENABLE_USER_SCRIPT_SANDBOXING = YES;
				GCC_C_LANGUAGE_STANDARD = gnu17;
				GCC_NO_COMMON_BLOCKS = YES;
				GCC_WARN_64_TO_32_BIT_CONVERSION = YES;
				GCC_WARN_ABOUT_RETURN_TYPE = YES_ERROR;
				GCC_WARN_UNDECLARED_SELECTOR = YES;
				GCC_WARN_UNINITIALIZED_AUTOS = YES_AGGRESSIVE;
				GCC_WARN_UNUSED_FUNCTION = YES;
				GCC_WARN_UNUSED_VARIABLE = YES;
				IPHONEOS_DEPLOYMENT_TARGET = 18.0;
				LOCALIZATION_PREFERS_STRING_CATALOGS = YES;
				MTL_ENABLE_DEBUG_INFO = NO;
				MTL_FAST_MATH = YES;
				SDKROOT = iphoneos;
				SWIFT_COMPILATION_MODE = wholemodule;
				VALIDATE_PRODUCT = YES;
			};
			name = Release;
		};
		0AD69C032EE7D4BD00717402 /* Debug */ = {
			isa = XCBuildConfiguration;
			buildSettings = {
				ASSETCATALOG_COMPILER_APPICON_NAME = AppIcon;
				ASSETCATALOG_COMPILER_GLOBAL_ACCENT_COLOR_NAME = AccentColor;
				CODE_SIGN_STYLE = Automatic;
				CURRENT_PROJECT_VERSION = 1;
				DEVELOPMENT_TEAM = 7V9T7RL732;
				ENABLE_PREVIEWS = YES;
				GENERATE_INFOPLIST_FILE = YES;
				INFOPLIST_KEY_UIApplicationSceneManifest_Generation = YES;
				INFOPLIST_KEY_UIApplicationSupportsIndirectInputEvents = YES;
				INFOPLIST_KEY_UILaunchScreen_Generation = YES;
				INFOPLIST_KEY_UISupportedInterfaceOrientations_iPad = "UIInterfaceOrientationPortrait UIInterfaceOrientationPortraitUpsideDown UIInterfaceOrientationLandscapeLeft UIInterfaceOrientationLandscapeRight";
				INFOPLIST_KEY_UISupportedInterfaceOrientations_iPhone = "UIInterfaceOrientationPortrait UIInterfaceOrientationLandscapeLeft UIInterfaceOrientationLandscapeRight";
				LD_RUNPATH_SEARCH_PATHS = (
					"$(inherited)",
					"@executable_path/Frameworks",
				);
				MARKETING_VERSION = 1.0;
				PRODUCT_BUNDLE_IDENTIFIER = "com.qualitysquare.Quality-Square";
				PRODUCT_NAME = "$(TARGET_NAME)";
				SWIFT_EMIT_LOC_STRINGS = YES;
				SWIFT_VERSION = 5.0;
				TARGETED_DEVICE_FAMILY = "1,2";
			};
			name = Debug;
		};
		0AD69C042EE7D4BD00717402 /* Release */ = {
			isa = XCBuildConfiguration;
			buildSettings = {
				ASSETCATALOG_COMPILER_APPICON_NAME = AppIcon;
				ASSETCATALOG_COMPILER_GLOBAL_ACCENT_COLOR_NAME = AccentColor;
				CODE_SIGN_STYLE = Automatic;
				CURRENT_PROJECT_VERSION = 1;
				DEVELOPMENT_TEAM = 7V9T7RL732;
				ENABLE_PREVIEWS = YES;
				GENERATE_INFOPLIST_FILE = YES;
				INFOPLIST_KEY_UIApplicationSceneManifest_Generation = YES;
				INFOPLIST_KEY_UIApplicationSupportsIndirectInputEvents = YES;
				INFOPLIST_KEY_UILaunchScreen_Generation = YES;
				INFOPLIST_KEY_UISupportedInterfaceOrientations_iPad = "UIInterfaceOrientationPortrait UIInterfaceOrientationPortraitUpsideDown UIInterfaceOrientationLandscapeLeft UIInterfaceOrientationLandscapeRight";
				INFOPLIST_KEY_UISupportedInterfaceOrientations_iPhone = "UIInterfaceOrientationPortrait UIInterfaceOrientationLandscapeLeft UIInterfaceOrientationLandscapeRight";
				LD_RUNPATH_SEARCH_PATHS = (
					"$(inherited)",
					"@executable_path/Frameworks",
				);
				MARKETING_VERSION = 1.0;
				PRODUCT_BUNDLE_IDENTIFIER = "com.qualitysquare.Quality-Square";
				PRODUCT_NAME = "$(TARGET_NAME)";
				SWIFT_EMIT_LOC_STRINGS = YES;
				SWIFT_VERSION = 5.0;
				TARGETED_DEVICE_FAMILY = "1,2";
			};
			name = Release;
		};
		0AD69C062EE7D4BD00717402 /* Debug */ = {
			isa = XCBuildConfiguration;
			buildSettings = {
				BUNDLE_LOADER = "$(TEST_HOST)";
				CODE_SIGN_STYLE = Automatic;
				CURRENT_PROJECT_VERSION = 1;
				DEVELOPMENT_TEAM = 7V9T7RL732;
				GENERATE_INFOPLIST_FILE = YES;
				IPHONEOS_DEPLOYMENT_TARGET = 18.5;
				MARKETING_VERSION = 1.0;
				PRODUCT_BUNDLE_IDENTIFIER = "com.qualitysquare.Quality-SquareTests";
				PRODUCT_NAME = "$(TARGET_NAME)";
				SWIFT_EMIT_LOC_STRINGS = NO;
				SWIFT_VERSION = 5.0;
				TARGETED_DEVICE_FAMILY = "1,2";
				TEST_HOST = "$(BUILT_PRODUCTS_DIR)/Quality Square.app/$(BUNDLE_EXECUTABLE_FOLDER_PATH)/Quality Square";
			};
			name = Debug;
		};
		0AD69C072EE7D4BD00717402 /* Release */ = {
			isa = XCBuildConfiguration;
			buildSettings = {
				BUNDLE_LOADER = "$(TEST_HOST)";
				CODE_SIGN_STYLE = Automatic;
				CURRENT_PROJECT_VERSION = 1;
				DEVELOPMENT_TEAM = 7V9T7RL732;
				GENERATE_INFOPLIST_FILE = YES;
				IPHONEOS_DEPLOYMENT_TARGET = 18.5;
				MARKETING_VERSION = 1.0;
				PRODUCT_BUNDLE_IDENTIFIER = "com.qualitysquare.Quality-SquareTests";
				PRODUCT_NAME = "$(TARGET_NAME)";
				SWIFT_EMIT_LOC_STRINGS = NO;
				SWIFT_VERSION = 5.0;
				TARGETED_DEVICE_FAMILY = "1,2";
				TEST_HOST = "$(BUILT_PRODUCTS_DIR)/Quality Square.app/$(BUNDLE_EXECUTABLE_FOLDER_PATH)/Quality Square";
			};
			name = Release;
		};
		0AD69C092EE7D4BD00717402 /* Debug */ = {
			isa = XCBuildConfiguration;
			buildSettings = {
				CODE_SIGN_STYLE = Automatic;
				CURRENT_PROJECT_VERSION = 1;
				DEVELOPMENT_TEAM = 7V9T7RL732;
				GENERATE_INFOPLIST_FILE = YES;
				MARKETING_VERSION = 1.0;
				PRODUCT_BUNDLE_IDENTIFIER = "com.qualitysquare.Quality-SquareUITests";
				PRODUCT_NAME = "$(TARGET_NAME)";
				SWIFT_EMIT_LOC_STRINGS = NO;
				SWIFT_VERSION = 5.0;
				TARGETED_DEVICE_FAMILY = "1,2";
				TEST_TARGET_NAME = "Quality Square";
			};
			name = Debug;
		};
		0AD69C0A2EE7D4BD00717402 /* Release */ = {
			isa = XCBuildConfiguration;
			buildSettings = {
				CODE_SIGN_STYLE = Automatic;
				CURRENT_PROJECT_VERSION = 1;
				DEVELOPMENT_TEAM = 7V9T7RL732;
				GENERATE_INFOPLIST_FILE = YES;
				MARKETING_VERSION = 1.0;
				PRODUCT_BUNDLE_IDENTIFIER = "com.qualitysquare.Quality-SquareUITests";
				PRODUCT_NAME = "$(TARGET_NAME)";
				SWIFT_EMIT_LOC_STRINGS = NO;
				SWIFT_VERSION = 5.0;
				TARGETED_DEVICE_FAMILY = "1,2";
				TEST_TARGET_NAME = "Quality Square";
			};
			name = Release;
		};
/* End XCBuildConfiguration section */

/* Begin XCConfigurationList section */
		0AD69BDC2EE7D4BC00717402 /* Build configuration list for PBXProject "Quality Square" */ = {
			isa = XCConfigurationList;
			buildConfigurations = (
				0AD69C002EE7D4BD00717402 /* Debug */,
				0AD69C012EE7D4BD00717402 /* Release */,
			);
			defaultConfigurationIsVisible = 0;
			defaultConfigurationName = Release;
		};
		0AD69C022EE7D4BD00717402 /* Build configuration list for PBXNativeTarget "Quality Square" */ = {
			isa = XCConfigurationList;
			buildConfigurations = (
				0AD69C032EE7D4BD00717402 /* Debug */,
				0AD69C042EE7D4BD00717402 /* Release */,
			);
			defaultConfigurationIsVisible = 0;
			defaultConfigurationName = Release;
		};
		0AD69C052EE7D4BD00717402 /* Build configuration list for PBXNativeTarget "Quality SquareTests" */ = {
			isa = XCConfigurationList;
			buildConfigurations = (
				0AD69C062EE7D4BD00717402 /* Debug */,
				0AD69C072EE7D4BD00717402 /* Release */,
			);
			defaultConfigurationIsVisible = 0;
			defaultConfigurationName = Release;
		};
		0AD69C082EE7D4BD00717402 /* Build configuration list for PBXNativeTarget "Quality SquareUITests" */ = {
			isa = XCConfigurationList;
			buildConfigurations = (
				0AD69C092EE7D4BD00717402 /* Debug */,
				0AD69C0A2EE7D4BD00717402 /* Release */,
			);
			defaultConfigurationIsVisible = 0;
			defaultConfigurationName = Release;
		};
/* End XCConfigurationList section */

/* Begin XCRemoteSwiftPackageReference section */
		0AD69C0D2EE7D5E700717402 /* XCRemoteSwiftPackageReference "firebase-ios-sdk" */ = {
			isa = XCRemoteSwiftPackageReference;
			repositoryURL = "https://github.com/firebase/firebase-ios-sdk";
			requirement = {
				kind = upToNextMajorVersion;
				minimumVersion = 12.6.0;
			};
		};
/* End XCRemoteSwiftPackageReference section */

/* Begin XCSwiftPackageProductDependency section */
		0AD69C0F2EE7D62700717402 /* FirebaseAI */ = {
			isa = XCSwiftPackageProductDependency;
			package = 0AD69C0D2EE7D5E700717402 /* XCRemoteSwiftPackageReference "firebase-ios-sdk" */;
			productName = FirebaseAI;
		};
		0AD69C112EE7D62700717402 /* FirebaseAuth */ = {
			isa = XCSwiftPackageProductDependency;
			package = 0AD69C0D2EE7D5E700717402 /* XCRemoteSwiftPackageReference "firebase-ios-sdk" */;
			productName = FirebaseAuth;
		};
		0AD69C132EE7D62700717402 /* FirebaseCore */ = {
			isa = XCSwiftPackageProductDependency;
			package = 0AD69C0D2EE7D5E700717402 /* XCRemoteSwiftPackageReference "firebase-ios-sdk" */;
			productName = FirebaseCore;
		};
		0AD69C152EE7D62700717402 /* FirebaseDatabase */ = {
			isa = XCSwiftPackageProductDependency;
			package = 0AD69C0D2EE7D5E700717402 /* XCRemoteSwiftPackageReference "firebase-ios-sdk" */;
			productName = FirebaseDatabase;
		};
		0AD69C172EE7D62700717402 /* FirebaseFirestore */ = {
			isa = XCSwiftPackageProductDependency;
			package = 0AD69C0D2EE7D5E700717402 /* XCRemoteSwiftPackageReference "firebase-ios-sdk" */;
			productName = FirebaseFirestore;
		};
		0AD69C192EE7D62700717402 /* FirebaseInAppMessaging-Beta */ = {
			isa = XCSwiftPackageProductDependency;
			package = 0AD69C0D2EE7D5E700717402 /* XCRemoteSwiftPackageReference "firebase-ios-sdk" */;
			productName = "FirebaseInAppMessaging-Beta";
		};
		0AD69C1B2EE7D62700717402 /* FirebaseMessaging */ = {
			isa = XCSwiftPackageProductDependency;
			package = 0AD69C0D2EE7D5E700717402 /* XCRemoteSwiftPackageReference "firebase-ios-sdk" */;
			productName = FirebaseMessaging;
		};
		0AD69C1D2EE7D62700717402 /* FirebaseStorage */ = {
			isa = XCSwiftPackageProductDependency;
			package = 0AD69C0D2EE7D5E700717402 /* XCRemoteSwiftPackageReference "firebase-ios-sdk" */;
			productName = FirebaseStorage;
		};
/* End XCSwiftPackageProductDependency section */
	};
	rootObject = 0AD69BD92EE7D4BC00717402 /* Project object */;
}
